
Microsoft Visual Studio Solution File, Format Version 12.00
Project("{FAE04EC0-301F-11D3-BF4B-00C04F79EFBC}") = "UtilasAPI", "UtilasAPI\UtilasAPI.csproj", "{54788F7D-E95A-4689-953D-B9A850E4A3DC}"
EndProject
Global
	GlobalSection(SolutionConfigurationPlatforms) = preSolution
		Debug|Any CPU = Debug|Any CPU
		Release|Any CPU = Release|Any CPU
	EndGlobalSection
	GlobalSection(ProjectConfigurationPlatforms) = postSolution
		{54788F7D-E95A-4689-953D-B9A850E4A3DC}.Debug|Any CPU.ActiveCfg = Debug|Any CPU
		{54788F7D-E95A-4689-953D-B9A850E4A3DC}.Debug|Any CPU.Build.0 = Debug|Any CPU
		{54788F7D-E95A-4689-953D-B9A850E4A3DC}.Release|Any CPU.ActiveCfg = Release|Any CPU
		{54788F7D-E95A-4689-953D-B9A850E4A3DC}.Release|Any CPU.Build.0 = Release|Any CPU
	EndGlobalSection
EndGlobal
